// !$*UTF8*$!
{
	archiveVersion = 1;
	classes = {
	};
	objectVersion = 50;
	objects = {

/* Begin PBXBuildFile section */
		D785F9F6238369AC00F2E38F /* AppDelegate.swift in Sources */ = {isa = PBXBuildFile; fileRef = D785F9F5238369AC00F2E38F /* AppDelegate.swift */; };
		D785F9F8238369AC00F2E38F /* SceneDelegate.swift in Sources */ = {isa = PBXBuildFile; fileRef = D785F9F7238369AC00F2E38F /* SceneDelegate.swift */; };
		D785F9FA238369AC00F2E38F /* ViewController.swift in Sources */ = {isa = PBXBuildFile; fileRef = D785F9F9238369AC00F2E38F /* ViewController.swift */; };
		D785F9FD238369AC00F2E38F /* Main.storyboard in Resources */ = {isa = PBXBuildFile; fileRef = D785F9FB238369AC00F2E38F /* Main.storyboard */; };
		D785F9FF238369AD00F2E38F /* Assets.xcassets in Resources */ = {isa = PBXBuildFile; fileRef = D785F9FE238369AD00F2E38F /* Assets.xcassets */; };
		D785FA02238369AD00F2E38F /* LaunchScreen.storyboard in Resources */ = {isa = PBXBuildFile; fileRef = D785FA00238369AD00F2E38F /* LaunchScreen.storyboard */; };
		D785FA0A2383E08A00F2E38F /* CurrentWeather.swift in Sources */ = {isa = PBXBuildFile; fileRef = D785FA092383E08A00F2E38F /* CurrentWeather.swift */; };
		D785FA0C2383E3A000F2E38F /* WeatherIconManager.swift in Sources */ = {isa = PBXBuildFile; fileRef = D785FA0B2383E3A000F2E38F /* WeatherIconManager.swift */; };
		D785FA0E2384397200F2E38F /* APIManager.swift in Sources */ = {isa = PBXBuildFile; fileRef = D785FA0D2384397200F2E38F /* APIManager.swift */; };
		D785FA1023845EC500F2E38F /* ErrorManager.swift in Sources */ = {isa = PBXBuildFile; fileRef = D785FA0F23845EC500F2E38F /* ErrorManager.swift */; };
		D785FA132384955C00F2E38F /* APIWeatherManager.swift in Sources */ = {isa = PBXBuildFile; fileRef = D785FA122384955C00F2E38F /* APIWeatherManager.swift */; };
		D785FA152385D08100F2E38F /* ParticlesView.swift in Sources */ = {isa = PBXBuildFile; fileRef = D785FA142385D08100F2E38F /* ParticlesView.swift */; };
		D785FA172385D13500F2E38F /* ParticleScene.sks in Resources */ = {isa = PBXBuildFile; fileRef = D785FA162385D13500F2E38F /* ParticleScene.sks */; };
/* End PBXBuildFile section */

/* Begin PBXFileReference section */
		D785F9F2238369AC00F2E38F /* APIUsage.app */ = {isa = PBXFileReference; explicitFileType = wrapper.application; includeInIndex = 0; path = APIUsage.app; sourceTree = BUILT_PRODUCTS_DIR; };
		D785F9F5238369AC00F2E38F /* AppDelegate.swift */ = {isa = PBXFileReference; lastKnownFileType = sourcecode.swift; path = AppDelegate.swift; sourceTree = "<group>"; };
		D785F9F7238369AC00F2E38F /* SceneDelegate.swift */ = {isa = PBXFileReference; lastKnownFileType = sourcecode.swift; path = SceneDelegate.swift; sourceTree = "<group>"; };
		D785F9F9238369AC00F2E38F /* ViewController.swift */ = {isa = PBXFileReference; lastKnownFileType = sourcecode.swift; path = ViewController.swift; sourceTree = "<group>"; };
		D785F9FC238369AC00F2E38F /* Base */ = {isa = PBXFileReference; lastKnownFileType = file.storyboard; name = Base; path = Base.lproj/Main.storyboard; sourceTree = "<group>"; };
		D785F9FE238369AD00F2E38F /* Assets.xcassets */ = {isa = PBXFileReference; lastKnownFileType = folder.assetcatalog; path = Assets.xcassets; sourceTree = "<group>"; };
		D785FA01238369AD00F2E38F /* Base */ = {isa = PBXFileReference; lastKnownFileType = file.storyboard; name = Base; path = Base.lproj/LaunchScreen.storyboard; sourceTree = "<group>"; };
		D785FA03238369AD00F2E38F /* Info.plist */ = {isa = PBXFileReference; lastKnownFileType = text.plist.xml; path = Info.plist; sourceTree = "<group>"; };
		D785FA092383E08A00F2E38F /* CurrentWeather.swift */ = {isa = PBXFileReference; lastKnownFileType = sourcecode.swift; path = CurrentWeather.swift; sourceTree = "<group>"; };
		D785FA0B2383E3A000F2E38F /* WeatherIconManager.swift */ = {isa = PBXFileReference; lastKnownFileType = sourcecode.swift; path = WeatherIconManager.swift; sourceTree = "<group>"; };
		D785FA0D2384397200F2E38F /* APIManager.swift */ = {isa = PBXFileReference; lastKnownFileType = sourcecode.swift; path = APIManager.swift; sourceTree = "<group>"; };
		D785FA0F23845EC500F2E38F /* ErrorManager.swift */ = {isa = PBXFileReference; lastKnownFileType = sourcecode.swift; path = ErrorManager.swift; sourceTree = "<group>"; };
		D785FA122384955C00F2E38F /* APIWeatherManager.swift */ = {isa = PBXFileReference; lastKnownFileType = sourcecode.swift; path = APIWeatherManager.swift; sourceTree = "<group>"; };
		D785FA142385D08100F2E38F /* ParticlesView.swift */ = {isa = PBXFileReference; lastKnownFileType = sourcecode.swift; path = ParticlesView.swift; sourceTree = "<group>"; };
		D785FA162385D13500F2E38F /* ParticleScene.sks */ = {isa = PBXFileReference; lastKnownFileType = file.sks; path = ParticleScene.sks; sourceTree = "<group>"; };
/* End PBXFileReference section */

/* Begin PBXFrameworksBuildPhase section */
		D785F9EF238369AC00F2E38F /* Frameworks */ = {
			isa = PBXFrameworksBuildPhase;
			buildActionMask = 2147483647;
			files = (
			);
			runOnlyForDeploymentPostprocessing = 0;
		};
/* End PBXFrameworksBuildPhase section */

/* Begin PBXGroup section */
		D785F9E9238369AC00F2E38F = {
			isa = PBXGroup;
			children = (
				D785F9F4238369AC00F2E38F /* APIUsage */,
				D785F9F3238369AC00F2E38F /* Products */,
			);
			sourceTree = "<group>";
		};
		D785F9F3238369AC00F2E38F /* Products */ = {
			isa = PBXGroup;
			children = (
				D785F9F2238369AC00F2E38F /* APIUsage.app */,
			);
			name = Products;
			sourceTree = "<group>";
		};
		D785F9F4238369AC00F2E38F /* APIUsage */ = {
			isa = PBXGroup;
			children = (
				D785F9F5238369AC00F2E38F /* AppDelegate.swift */,
				D785F9F7238369AC00F2E38F /* SceneDelegate.swift */,
				D785F9F9238369AC00F2E38F /* ViewController.swift */,
				D785FA1123845EE100F2E38F /* Model */,
				D785FA0D2384397200F2E38F /* APIManager.swift */,
				D785FA122384955C00F2E38F /* APIWeatherManager.swift */,
				D785FA0F23845EC500F2E38F /* ErrorManager.swift */,
				D785F9FB238369AC00F2E38F /* Main.storyboard */,
				D785FA162385D13500F2E38F /* ParticleScene.sks */,
				D785FA142385D08100F2E38F /* ParticlesView.swift */,
				D785F9FE238369AD00F2E38F /* Assets.xcassets */,
				D785FA00238369AD00F2E38F /* LaunchScreen.storyboard */,
				D785FA03238369AD00F2E38F /* Info.plist */,
			);
			path = APIUsage;
			sourceTree = "<group>";
		};
		D785FA1123845EE100F2E38F /* Model */ = {
			isa = PBXGroup;
			children = (
				D785FA092383E08A00F2E38F /* CurrentWeather.swift */,
				D785FA0B2383E3A000F2E38F /* WeatherIconManager.swift */,
			);
			path = Model;
			sourceTree = "<group>";
		};
/* End PBXGroup section */

/* Begin PBXNativeTarget section */
		D785F9F1238369AC00F2E38F /* APIUsage */ = {
			isa = PBXNativeTarget;
			buildConfigurationList = D785FA06238369AD00F2E38F /* Build configuration list for PBXNativeTarget "APIUsage" */;
			buildPhases = (
				D785F9EE238369AC00F2E38F /* Sources */,
				D785F9EF238369AC00F2E38F /* Frameworks */,
				D785F9F0238369AC00F2E38F /* Resources */,
			);
			buildRules = (
			);
			dependencies = (
			);
			name = APIUsage;
			productName = APIUsage;
			productReference = D785F9F2238369AC00F2E38F /* APIUsage.app */;
			productType = "com.apple.product-type.application";
		};
/* End PBXNativeTarget section */

/* Begin PBXProject section */
		D785F9EA238369AC00F2E38F /* Project object */ = {
			isa = PBXProject;
			attributes = {
				LastSwiftUpdateCheck = 1110;
				LastUpgradeCheck = 1110;
				ORGANIZATIONNAME = wtildestar;
				TargetAttributes = {
					D785F9F1238369AC00F2E38F = {
						CreatedOnToolsVersion = 11.1;
					};
				};
			};
			buildConfigurationList = D785F9ED238369AC00F2E38F /* Build configuration list for PBXProject "APIUsage" */;
			compatibilityVersion = "Xcode 9.3";
			developmentRegion = en;
			hasScannedForEncodings = 0;
			knownRegions = (
				en,
				Base,
			);
			mainGroup = D785F9E9238369AC00F2E38F;
			productRefGroup = D785F9F3238369AC00F2E38F /* Products */;
			projectDirPath = "";
			projectRoot = "";
			targets = (
				D785F9F1238369AC00F2E38F /* APIUsage */,
			);
		};
/* End PBXProject section */

/* Begin PBXResourcesBuildPhase section */
		D785F9F0238369AC00F2E38F /* Resources */ = {
			isa = PBXResourcesBuildPhase;
			buildActionMask = 2147483647;
			files = (
				D785FA02238369AD00F2E38F /* LaunchScreen.storyboard in Resources */,
				D785F9FF238369AD00F2E38F /* Assets.xcassets in Resources */,
				D785FA172385D13500F2E38F /* ParticleScene.sks in Resources */,
				D785F9FD238369AC00F2E38F /* Main.storyboard in Resources */,
			);
			runOnlyForDeploymentPostprocessing = 0;
		};
/* End PBXResourcesBuildPhase section */

/* Begin PBXSourcesBuildPhase section */
		D785F9EE238369AC00F2E38F /* Sources */ = {
			isa = PBXSourcesBuildPhase;
			buildActionMask = 2147483647;
			files = (
				D785FA0E2384397200F2E38F /* APIManager.swift in Sources */,
				D785F9FA238369AC00F2E38F /* ViewController.swift in Sources */,
				D785FA152385D08100F2E38F /* ParticlesView.swift in Sources */,
				D785FA1023845EC500F2E38F /* ErrorManager.swift in Sources */,
				D785F9F6238369AC00F2E38F /* AppDelegate.swift in Sources */,
				D785FA0C2383E3A000F2E38F /* WeatherIconManager.swift in Sources */,
				D785FA0A2383E08A00F2E38F /* CurrentWeather.swift in Sources */,
				D785F9F8238369AC00F2E38F /* SceneDelegate.swift in Sources */,
				D785FA132384955C00F2E38F /* APIWeatherManager.swift in Sources */,
			);
			runOnlyForDeploymentPostprocessing = 0;
		};
/* End PBXSourcesBuildPhase section */

/* Begin PBXVariantGroup section */
		D785F9FB238369AC00F2E38F /* Main.storyboard */ = {
			isa = PBXVariantGroup;
			children = (
				D785F9FC238369AC00F2E38F /* Base */,
			);
			name = Main.storyboard;
			sourceTree = "<group>";
		};
		D785FA00238369AD00F2E38F /* LaunchScreen.storyboard */ = {
			isa = PBXVariantGroup;
			children = (
				D785FA01238369AD00F2E38F /* Base */,
			);
			name = LaunchScreen.storyboard;
			sourceTree = "<group>";
		};
/* End PBXVariantGroup section */

/* Begin XCBuildConfiguration section */
		D785FA04238369AD00F2E38F /* Debug */ = {
			isa = XCBuildConfiguration;
			buildSettings = {
				ALWAYS_SEARCH_USER_PATHS = NO;
				CLANG_ANALYZER_NONNULL = YES;
				CLANG_ANALYZER_NUMBER_OBJECT_CONVERSION = YES_AGGRESSIVE;
				CLANG_CXX_LANGUAGE_STANDARD = "gnu++14";
				CLANG_CXX_LIBRARY = "libc++";
				CLANG_ENABLE_MODULES = YES;
				CLANG_ENABLE_OBJC_ARC = YES;
				CLANG_ENABLE_OBJC_WEAK = YES;
				CLANG_WARN_BLOCK_CAPTURE_AUTORELEASING = YES;
				CLANG_WARN_BOOL_CONVERSION = YES;
				CLANG_WARN_COMMA = YES;
				CLANG_WARN_CONSTANT_CONVERSION = YES;
				CLANG_WARN_DEPRECATED_OBJC_IMPLEMENTATIONS = YES;
				CLANG_WARN_DIRECT_OBJC_ISA_USAGE = YES_ERROR;
				CLANG_WARN_DOCUMENTATION_COMMENTS = YES;
				CLANG_WARN_EMPTY_BODY = YES;
				CLANG_WARN_ENUM_CONVERSION = YES;
				CLANG_WARN_INFINITE_RECURSION = YES;
				CLANG_WARN_INT_CONVERSION = YES;
				CLANG_WARN_NON_LITERAL_NULL_CONVERSION = YES;
				CLANG_WARN_OBJC_IMPLICIT_RETAIN_SELF = YES;
				CLANG_WARN_OBJC_LITERAL_CONVERSION = YES;
				CLANG_WARN_OBJC_ROOT_CLASS = YES_ERROR;
				CLANG_WARN_RANGE_LOOP_ANALYSIS = YES;
				CLANG_WARN_STRICT_PROTOTYPES = YES;
				CLANG_WARN_SUSPICIOUS_MOVE = YES;
				CLANG_WARN_UNGUARDED_AVAILABILITY = YES_AGGRESSIVE;
				CLANG_WARN_UNREACHABLE_CODE = YES;
				CLANG_WARN__DUPLICATE_METHOD_MATCH = YES;
				COPY_PHASE_STRIP = NO;
				DEBUG_INFORMATION_FORMAT = dwarf;
				ENABLE_STRICT_OBJC_MSGSEND = YES;
				ENABLE_TESTABILITY = YES;
				GCC_C_LANGUAGE_STANDARD = gnu11;
				GCC_DYNAMIC_NO_PIC = NO;
				GCC_NO_COMMON_BLOCKS = YES;
				GCC_OPTIMIZATION_LEVEL = 0;
				GCC_PREPROCESSOR_DEFINITIONS = (
					"DEBUG=1",
					"$(inherited)",
				);
				GCC_WARN_64_TO_32_BIT_CONVERSION = YES;
				GCC_WARN_ABOUT_RETURN_TYPE = YES_ERROR;
				GCC_WARN_UNDECLARED_SELECTOR = YES;
				GCC_WARN_UNINITIALIZED_AUTOS = YES_AGGRESSIVE;
				GCC_WARN_UNUSED_FUNCTION = YES;
				GCC_WARN_UNUSED_VARIABLE = YES;
				IPHONEOS_DEPLOYMENT_TARGET = 13.1;
				MTL_ENABLE_DEBUG_INFO = INCLUDE_SOURCE;
				MTL_FAST_MATH = YES;
				ONLY_ACTIVE_ARCH = YES;
				SDKROOT = iphoneos;
				SWIFT_ACTIVE_COMPILATION_CONDITIONS = DEBUG;
				SWIFT_OPTIMIZATION_LEVEL = "-Onone";
			};
			name = Debug;
		};
		D785FA05238369AD00F2E38F /* Release */ = {
			isa = XCBuildConfiguration;
			buildSettings = {
				ALWAYS_SEARCH_USER_PATHS = NO;
				CLANG_ANALYZER_NONNULL = YES;
				CLANG_ANALYZER_NUMBER_OBJECT_CONVERSION = YES_AGGRESSIVE;
				CLANG_CXX_LANGUAGE_STANDARD = "gnu++14";
				CLANG_CXX_LIBRARY = "libc++";
				CLANG_ENABLE_MODULES = YES;
				CLANG_ENABLE_OBJC_ARC = YES;
				CLANG_ENABLE_OBJC_WEAK = YES;
				CLANG_WARN_BLOCK_CAPTURE_AUTORELEASING = YES;
				CLANG_WARN_BOOL_CONVERSION = YES;
				CLANG_WARN_COMMA = YES;
				CLANG_WARN_CONSTANT_CONVERSION = YES;
				CLANG_WARN_DEPRECATED_OBJC_IMPLEMENTATIONS = YES;
				CLANG_WARN_DIRECT_OBJC_ISA_USAGE = YES_ERROR;
				CLANG_WARN_DOCUMENTATION_COMMENTS = YES;
				CLANG_WARN_EMPTY_BODY = YES;
				CLANG_WARN_ENUM_CONVERSION = YES;
				CLANG_WARN_INFINITE_RECURSION = YES;
				CLANG_WARN_INT_CONVERSION = YES;
				CLANG_WARN_NON_LITERAL_NULL_CONVERSION = YES;
				CLANG_WARN_OBJC_IMPLICIT_RETAIN_SELF = YES;
				CLANG_WARN_OBJC_LITERAL_CONVERSION = YES;
				CLANG_WARN_OBJC_ROOT_CLASS = YES_ERROR;
				CLANG_WARN_RANGE_LOOP_ANALYSIS = YES;
				CLANG_WARN_STRICT_PROTOTYPES = YES;
				CLANG_WARN_SUSPICIOUS_MOVE = YES;
				CLANG_WARN_UNGUARDED_AVAILABILITY = YES_AGGRESSIVE;
				CLANG_WARN_UNREACHABLE_CODE = YES;
				CLANG_WARN__DUPLICATE_METHOD_MATCH = YES;
				COPY_PHASE_STRIP = NO;
				DEBUG_INFORMATION_FORMAT = "dwarf-with-dsym";
				ENABLE_NS_ASSERTIONS = NO;
				ENABLE_STRICT_OBJC_MSGSEND = YES;
				GCC_C_LANGUAGE_STANDARD = gnu11;
				GCC_NO_COMMON_BLOCKS = YES;
				GCC_WARN_64_TO_32_BIT_CONVERSION = YES;
				GCC_WARN_ABOUT_RETURN_TYPE = YES_ERROR;
				GCC_WARN_UNDECLARED_SELECTOR = YES;
				GCC_WARN_UNINITIALIZED_AUTOS = YES_AGGRESSIVE;
				GCC_WARN_UNUSED_FUNCTION = YES;
				GCC_WARN_UNUSED_VARIABLE = YES;
				IPHONEOS_DEPLOYMENT_TARGET = 13.1;
				MTL_ENABLE_DEBUG_INFO = NO;
				MTL_FAST_MATH = YES;
				SDKROOT = iphoneos;
				SWIFT_COMPILATION_MODE = wholemodule;
				SWIFT_OPTIMIZATION_LEVEL = "-O";
				VALIDATE_PRODUCT = YES;
			};
			name = Release;
		};
		D785FA07238369AD00F2E38F /* Debug */ = {
			isa = XCBuildConfiguration;
			buildSettings = {
				ASSETCATALOG_COMPILER_APPICON_NAME = AppIcon;
				CODE_SIGN_STYLE = Automatic;
				DEVELOPMENT_TEAM = MYWL92898Y;
				INFOPLIST_FILE = APIUsage/Info.plist;
				LD_RUNPATH_SEARCH_PATHS = (
					"$(inherited)",
					"@executable_path/Frameworks",
				);
				PRODUCT_BUNDLE_IDENTIFIER = com.wtildestar.APIUsage;
				PRODUCT_NAME = "$(TARGET_NAME)";
				SWIFT_VERSION = 5.0;
				TARGETED_DEVICE_FAMILY = "1,2";
			};
			name = Debug;
		};
		D785FA08238369AD00F2E38F /* Release */ = {
			isa = XCBuildConfiguration;
			buildSettings = {
				ASSETCATALOG_COMPILER_APPICON_NAME = AppIcon;
				CODE_SIGN_STYLE = Automatic;
				DEVELOPMENT_TEAM = MYWL92898Y;
				INFOPLIST_FILE = APIUsage/Info.plist;
				LD_RUNPATH_SEARCH_PATHS = (
					"$(inherited)",
					"@executable_path/Frameworks",
				);
				PRODUCT_BUNDLE_IDENTIFIER = com.wtildestar.APIUsage;
				PRODUCT_NAME = "$(TARGET_NAME)";
				SWIFT_VERSION = 5.0;
				TARGETED_DEVICE_FAMILY = "1,2";
			};
			name = Release;
		};
/* End XCBuildConfiguration section */

/* Begin XCConfigurationList section */
		D785F9ED238369AC00F2E38F /* Build configuration list for PBXProject "APIUsage" */ = {
			isa = XCConfigurationList;
			buildConfigurations = (
				D785FA04238369AD00F2E38F /* Debug */,
				D785FA05238369AD00F2E38F /* Release */,
			);
			defaultConfigurationIsVisible = 0;
			defaultConfigurationName = Release;
		};
		D785FA06238369AD00F2E38F /* Build configuration list for PBXNativeTarget "APIUsage" */ = {
			isa = XCConfigurationList;
			buildConfigurations = (
				D785FA07238369AD00F2E38F /* Debug */,
				D785FA08238369AD00F2E38F /* Release */,
			);
			defaultConfigurationIsVisible = 0;
			defaultConfigurationName = Release;
		};
/* End XCConfigurationList section */
	};
	rootObject = D785F9EA238369AC00F2E38F /* Project object */;
}
